
Microsoft Visual Studio Solution File, Format Version 12.00
# Visual Studio Version 16
VisualStudioVersion = 16.0.30011.22
MinimumVisualStudioVersion = 10.0.40219.1
Project("{FAE04EC0-301F-11D3-BF4B-00C04F79EFBC}") = "Test", "Test\Test.csproj", "{19BCBE28-A923-4BE8-AD1F-ABA8475894EC}"
EndProject
Global
	GlobalSection(SolutionConfigurationPlatforms) = preSolution
		Debug|Any CPU = Debug|Any CPU
		Release|Any CPU = Release|Any CPU
	EndGlobalSection
	GlobalSection(ProjectConfigurationPlatforms) = postSolution
		{19BCBE28-A923-4BE8-AD1F-ABA8475894EC}.Debug|Any CPU.ActiveCfg = Debug|Any CPU
		{19BCBE28-A923-4BE8-AD1F-ABA8475894EC}.Debug|Any CPU.Build.0 = Debug|Any CPU
		{19BCBE28-A923-4BE8-AD1F-ABA8475894EC}.Release|Any CPU.ActiveCfg = Release|Any CPU
		{19BCBE28-A923-4BE8-AD1F-ABA8475894EC}.Release|Any CPU.Build.0 = Release|Any CPU
	EndGlobalSection
	GlobalSection(SolutionProperties) = preSolution
		HideSolutionNode = FALSE
	EndGlobalSection
	GlobalSection(ExtensibilityGlobals) = postSolution
		SolutionGuid = {7EA7515A-40B6-4667-80A7-BCBDC476E1D1}
	EndGlobalSection
EndGlobal
